
Microsoft Visual Studio Solution File, Format Version 12.00
# Visual Studio 15
VisualStudioVersion = 15.0.28307.779
MinimumVisualStudioVersion = 10.0.40219.1
Project("{D2ABAB84-BF74-430A-B69E-9DC6D40DDA17}") = "Data-Mining", "Data-Mining\Data-Mining.dwproj", "{5B8F7736-940D-48F6-B5AF-D28DDE9E8BF2}"
EndProject
Global
	GlobalSection(SolutionConfigurationPlatforms) = preSolution
		Development|Default = Development|Default
	EndGlobalSection
	GlobalSection(ProjectConfigurationPlatforms) = postSolution
		{5B8F7736-940D-48F6-B5AF-D28DDE9E8BF2}.Development|Default.ActiveCfg = Development
		{5B8F7736-940D-48F6-B5AF-D28DDE9E8BF2}.Development|Default.Build.0 = Development
		{5B8F7736-940D-48F6-B5AF-D28DDE9E8BF2}.Development|Default.Deploy.0 = Development
	EndGlobalSection
	GlobalSection(SolutionProperties) = preSolution
		HideSolutionNode = FALSE
	EndGlobalSection
	GlobalSection(ExtensibilityGlobals) = postSolution
		SolutionGuid = {2F4927A0-A1C6-4439-B612-2FF1CD01FE13}
	EndGlobalSection
EndGlobal
